
Microsoft Visual Studio Solution File, Format Version 12.00
# Visual Studio Version 16
VisualStudioVersion = 16.0.31321.278
MinimumVisualStudioVersion = 10.0.40219.1
Project("{FAE04EC0-301F-11D3-BF4B-00C04F79EFBC}") = "IT_Inventory_API_Konzol", "IT_Inventory_API_Konzol.csproj", "{A6EF256B-D5D1-487E-A1F4-BC5E186835B1}"
EndProject
Global
	GlobalSection(SolutionConfigurationPlatforms) = preSolution
		Debug|Any CPU = Debug|Any CPU
		Release|Any CPU = Release|Any CPU
	EndGlobalSection
	GlobalSection(ProjectConfigurationPlatforms) = postSolution
		{A6EF256B-D5D1-487E-A1F4-BC5E186835B1}.Debug|Any CPU.ActiveCfg = Debug|Any CPU
		{A6EF256B-D5D1-487E-A1F4-BC5E186835B1}.Debug|Any CPU.Build.0 = Debug|Any CPU
		{A6EF256B-D5D1-487E-A1F4-BC5E186835B1}.Release|Any CPU.ActiveCfg = Release|Any CPU
		{A6EF256B-D5D1-487E-A1F4-BC5E186835B1}.Release|Any CPU.Build.0 = Release|Any CPU
	EndGlobalSection
	GlobalSection(SolutionProperties) = preSolution
		HideSolutionNode = FALSE
	EndGlobalSection
	GlobalSection(ExtensibilityGlobals) = postSolution
		SolutionGuid = {D7559360-4E22-48D2-A2E4-4F84CBAEE23A}
	EndGlobalSection
EndGlobal
